{
  "name": ".opencode",
  "lockfileVersion": 3,
  "requires": true,
  "packages": {
    "": {
      "dependencies": {
        "@opencode-ai/plugin": "1.2.25",
        "@opencode-ai/sdk": "1.2.25",
        "picomatch": "^4.0.0",
        "zod": "^3.22.0"
      }
    },
    "node_modules/@opencode-ai/plugin": {
      "version": "1.2.25",
      "resolved": "https://registry.npmjs.org/@opencode-ai/plugin/-/plugin-1.2.25.tgz",
      "integrity": "sha512-IQnjkcN7cvI/zoiDNx1d2qnGzn5BR/Bu95Kq05/vdd8oX4ARgYkqfaJgKkNSpjUVoNBKHTd8m9q1TtzuKlyGUg==",
      "license": "MIT",
      "dependencies": {
        "@opencode-ai/sdk": "1.2.25",
        "zod": "4.1.8"
      }
    },
    "node_modules/@opencode-ai/plugin/node_modules/zod": {
      "version": "4.1.8",
      "resolved": "https://registry.npmjs.org/zod/-/zod-4.1.8.tgz",
      "integrity": "sha512-5R1P+WwQqmmMIEACyzSvo4JXHY5WiAFHRMg+zBZKgKS+Q1viRa0C1hmUKtHltoIFKtIdki3pRxkmpP74jnNYHQ==",
      "license": "MIT",
      "funding": {
        "url": "https://github.com/sponsors/colinhacks"
      }
    },
    "node_modules/@opencode-ai/sdk": {
      "version": "1.2.25",
      "resolved": "https://registry.npmjs.org/@opencode-ai/sdk/-/sdk-1.2.25.tgz",
      "integrity": "sha512-ikuGWob48OM7LTgfXFqGOZKVOqh50FEjvtIBhXGhGowJhifmjZ+xuq/ypP8nPjTwUX73pbu1C3X9ZBWVkCN9mA==",
      "license": "MIT"
    },
    "node_modules/picomatch": {
      "version": "4.0.3",
      "resolved": "https://registry.npmjs.org/picomatch/-/picomatch-4.0.3.tgz",
      "integrity": "sha512-5gTmgEY/sqK6gFXLIsQNH19lWb4ebPDLA4SdLP7dsWkIXHWlG66oPuVvXSGFPppYZz8ZDZq0dYYrbHfBCVUb1Q==",
      "license": "MIT",
      "engines": {
        "node": ">=12"
      },
      "funding": {
        "url": "https://github.com/sponsors/jonschlinkert"
      }
    },
    "node_modules/zod": {
      "version": "3.25.76",
      "resolved": "https://registry.npmjs.org/zod/-/zod-3.25.76.tgz",
      "integrity": "sha512-gzUt/qt81nXsFGKIFcC3YnfEAx5NkunCfnDlvuBSSFS02bcXu4Lmea0AFIUwbLWxWPx3d9p8S5QoaujKcNQxcQ==",
      "license": "MIT",
      "funding": {
        "url": "https://github.com/sponsors/colinhacks"
      }
    }
  }
}
